# This file is automatically @generated by Cargo.
# It is not intended for manual editing.
version = 3

[[package]]
name = "armv4t_syscalls"
version = "0.1.0"
dependencies = [
 "syscalls",
]

[[package]]
name = "syscalls"
version = "0.6.17"
source = "registry+https://github.com/rust-lang/crates.io-index"
checksum = "64952c0d06434cb9d6c076d4d70b7fb23203cd90a9fbaf58d940f5909f3fef5f"
